// !$*UTF8*$!
{
	archiveVersion = 1;
	classes = {
	};
	objectVersion = 56;
	objects = {

/* Begin PBXBuildFile section */
		BF23F94E2B24FC9F0073D27F /* LandmarksApp.swift in Sources */ = {isa = PBXBuildFile; fileRef = BF23F94D2B24FC9F0073D27F /* LandmarksApp.swift */; };
		BF23F9502B24FC9F0073D27F /* ContentView.swift in Sources */ = {isa = PBXBuildFile; fileRef = BF23F94F2B24FC9F0073D27F /* ContentView.swift */; };
		BF23F9522B24FCA20073D27F /* Assets.xcassets in Resources */ = {isa = PBXBuildFile; fileRef = BF23F9512B24FCA20073D27F /* Assets.xcassets */; };
		BF23F9552B24FCA20073D27F /* Preview Assets.xcassets in Resources */ = {isa = PBXBuildFile; fileRef = BF23F9542B24FCA20073D27F /* Preview Assets.xcassets */; };
		BFCB8F182B250AD200AC5598 /* CircleImage.swift in Sources */ = {isa = PBXBuildFile; fileRef = BFCB8F172B250AD200AC5598 /* CircleImage.swift */; };
		BFCB8F1A2B250C1700AC5598 /* MapView.swift in Sources */ = {isa = PBXBuildFile; fileRef = BFCB8F192B250C1700AC5598 /* MapView.swift */; };
		BFCB8F1E2B25120F00AC5598 /* landmarkData.json in Resources */ = {isa = PBXBuildFile; fileRef = BFCB8F1D2B25120F00AC5598 /* landmarkData.json */; };
		BFCB8F202B25122D00AC5598 /* Landmark.swift in Sources */ = {isa = PBXBuildFile; fileRef = BFCB8F1F2B25122C00AC5598 /* Landmark.swift */; };
		BFCB8F222B25141B00AC5598 /* ModelData.swift in Sources */ = {isa = PBXBuildFile; fileRef = BFCB8F212B25141B00AC5598 /* ModelData.swift */; };
		BFCB8F272B25167C00AC5598 /* LandmarkRow.swift in Sources */ = {isa = PBXBuildFile; fileRef = BFCB8F262B25167C00AC5598 /* LandmarkRow.swift */; };
		BFCB8F292B25193200AC5598 /* LandmarkList.swift in Sources */ = {isa = PBXBuildFile; fileRef = BFCB8F282B25193200AC5598 /* LandmarkList.swift */; };
		BFCB8F2B2B26E4EE00AC5598 /* LandmarkDetail.swift in Sources */ = {isa = PBXBuildFile; fileRef = BFCB8F2A2B26E4EE00AC5598 /* LandmarkDetail.swift */; };
		BFCB8F2D2B2782EA00AC5598 /* FavoriteButton.swift in Sources */ = {isa = PBXBuildFile; fileRef = BFCB8F2C2B2782EA00AC5598 /* FavoriteButton.swift */; };
		BFCB8F312B2789DB00AC5598 /* HexagonParameters.swift in Sources */ = {isa = PBXBuildFile; fileRef = BFCB8F302B2789DB00AC5598 /* HexagonParameters.swift */; };
		BFCB8F332B278B3900AC5598 /* BadgeBackground.swift in Sources */ = {isa = PBXBuildFile; fileRef = BFCB8F322B278B3900AC5598 /* BadgeBackground.swift */; };
		BFCB8F352B27915300AC5598 /* BadgeSymbol.swift in Sources */ = {isa = PBXBuildFile; fileRef = BFCB8F342B27915300AC5598 /* BadgeSymbol.swift */; };
		BFCB8F372B27956A00AC5598 /* RotatedBadgeSymbol.swift in Sources */ = {isa = PBXBuildFile; fileRef = BFCB8F362B27956A00AC5598 /* RotatedBadgeSymbol.swift */; };
		BFCB8F392B27966300AC5598 /* Badge.swift in Sources */ = {isa = PBXBuildFile; fileRef = BFCB8F382B27966300AC5598 /* Badge.swift */; };
		BFCB8F3C2B280C2400AC5598 /* hikeData.json in Resources */ = {isa = PBXBuildFile; fileRef = BFCB8F3B2B280C2400AC5598 /* hikeData.json */; };
		BFCB8F3E2B280C4000AC5598 /* Hike.swift in Sources */ = {isa = PBXBuildFile; fileRef = BFCB8F3D2B280C4000AC5598 /* Hike.swift */; };
		BFCB8F442B280D8100AC5598 /* GraphCapsule.swift in Sources */ = {isa = PBXBuildFile; fileRef = BFCB8F402B280D8100AC5598 /* GraphCapsule.swift */; };
		BFCB8F452B280D8100AC5598 /* HikeGraph.swift in Sources */ = {isa = PBXBuildFile; fileRef = BFCB8F412B280D8100AC5598 /* HikeGraph.swift */; };
		BFCB8F462B280D8100AC5598 /* HikeDetail.swift in Sources */ = {isa = PBXBuildFile; fileRef = BFCB8F422B280D8100AC5598 /* HikeDetail.swift */; };
		BFCB8F472B280D8100AC5598 /* HikeView.swift in Sources */ = {isa = PBXBuildFile; fileRef = BFCB8F432B280D8100AC5598 /* HikeView.swift */; };
/* End PBXBuildFile section */

/* Begin PBXFileReference section */
		BF23F94A2B24FC9F0073D27F /* Landmarks.app */ = {isa = PBXFileReference; explicitFileType = wrapper.application; includeInIndex = 0; path = Landmarks.app; sourceTree = BUILT_PRODUCTS_DIR; };
		BF23F94D2B24FC9F0073D27F /* LandmarksApp.swift */ = {isa = PBXFileReference; lastKnownFileType = sourcecode.swift; path = LandmarksApp.swift; sourceTree = "<group>"; };
		BF23F94F2B24FC9F0073D27F /* ContentView.swift */ = {isa = PBXFileReference; lastKnownFileType = sourcecode.swift; path = ContentView.swift; sourceTree = "<group>"; };
		BF23F9512B24FCA20073D27F /* Assets.xcassets */ = {isa = PBXFileReference; lastKnownFileType = folder.assetcatalog; path = Assets.xcassets; sourceTree = "<group>"; };
		BF23F9542B24FCA20073D27F /* Preview Assets.xcassets */ = {isa = PBXFileReference; lastKnownFileType = folder.assetcatalog; path = "Preview Assets.xcassets"; sourceTree = "<group>"; };
		BFCB8F172B250AD200AC5598 /* CircleImage.swift */ = {isa = PBXFileReference; lastKnownFileType = sourcecode.swift; path = CircleImage.swift; sourceTree = "<group>"; };
		BFCB8F192B250C1700AC5598 /* MapView.swift */ = {isa = PBXFileReference; lastKnownFileType = sourcecode.swift; path = MapView.swift; sourceTree = "<group>"; };
		BFCB8F1D2B25120F00AC5598 /* landmarkData.json */ = {isa = PBXFileReference; fileEncoding = 4; lastKnownFileType = text.json; path = landmarkData.json; sourceTree = "<group>"; };
		BFCB8F1F2B25122C00AC5598 /* Landmark.swift */ = {isa = PBXFileReference; lastKnownFileType = sourcecode.swift; path = Landmark.swift; sourceTree = "<group>"; };
		BFCB8F212B25141B00AC5598 /* ModelData.swift */ = {isa = PBXFileReference; lastKnownFileType = sourcecode.swift; path = ModelData.swift; sourceTree = "<group>"; };
		BFCB8F262B25167C00AC5598 /* LandmarkRow.swift */ = {isa = PBXFileReference; lastKnownFileType = sourcecode.swift; path = LandmarkRow.swift; sourceTree = "<group>"; };
		BFCB8F282B25193200AC5598 /* LandmarkList.swift */ = {isa = PBXFileReference; lastKnownFileType = sourcecode.swift; path = LandmarkList.swift; sourceTree = "<group>"; };
		BFCB8F2A2B26E4EE00AC5598 /* LandmarkDetail.swift */ = {isa = PBXFileReference; lastKnownFileType = sourcecode.swift; path = LandmarkDetail.swift; sourceTree = "<group>"; };
		BFCB8F2C2B2782EA00AC5598 /* FavoriteButton.swift */ = {isa = PBXFileReference; lastKnownFileType = sourcecode.swift; path = FavoriteButton.swift; sourceTree = "<group>"; };
		BFCB8F302B2789DB00AC5598 /* HexagonParameters.swift */ = {isa = PBXFileReference; lastKnownFileType = sourcecode.swift; path = HexagonParameters.swift; sourceTree = "<group>"; };
		BFCB8F322B278B3900AC5598 /* BadgeBackground.swift */ = {isa = PBXFileReference; lastKnownFileType = sourcecode.swift; path = BadgeBackground.swift; sourceTree = "<group>"; };
		BFCB8F342B27915300AC5598 /* BadgeSymbol.swift */ = {isa = PBXFileReference; lastKnownFileType = sourcecode.swift; path = BadgeSymbol.swift; sourceTree = "<group>"; };
		BFCB8F362B27956A00AC5598 /* RotatedBadgeSymbol.swift */ = {isa = PBXFileReference; lastKnownFileType = sourcecode.swift; path = RotatedBadgeSymbol.swift; sourceTree = "<group>"; };
		BFCB8F382B27966300AC5598 /* Badge.swift */ = {isa = PBXFileReference; lastKnownFileType = sourcecode.swift; path = Badge.swift; sourceTree = "<group>"; };
		BFCB8F3B2B280C2400AC5598 /* hikeData.json */ = {isa = PBXFileReference; fileEncoding = 4; lastKnownFileType = text.json; path = hikeData.json; sourceTree = "<group>"; };
		BFCB8F3D2B280C4000AC5598 /* Hike.swift */ = {isa = PBXFileReference; lastKnownFileType = sourcecode.swift; path = Hike.swift; sourceTree = "<group>"; };
		BFCB8F402B280D8100AC5598 /* GraphCapsule.swift */ = {isa = PBXFileReference; fileEncoding = 4; lastKnownFileType = sourcecode.swift; path = GraphCapsule.swift; sourceTree = "<group>"; };
		BFCB8F412B280D8100AC5598 /* HikeGraph.swift */ = {isa = PBXFileReference; fileEncoding = 4; lastKnownFileType = sourcecode.swift; path = HikeGraph.swift; sourceTree = "<group>"; };
		BFCB8F422B280D8100AC5598 /* HikeDetail.swift */ = {isa = PBXFileReference; fileEncoding = 4; lastKnownFileType = sourcecode.swift; path = HikeDetail.swift; sourceTree = "<group>"; };
		BFCB8F432B280D8100AC5598 /* HikeView.swift */ = {isa = PBXFileReference; fileEncoding = 4; lastKnownFileType = sourcecode.swift; path = HikeView.swift; sourceTree = "<group>"; };
/* End PBXFileReference section */

/* Begin PBXFrameworksBuildPhase section */
		BF23F9472B24FC9F0073D27F /* Frameworks */ = {
			isa = PBXFrameworksBuildPhase;
			buildActionMask = 2147483647;
			files = (
			);
			runOnlyForDeploymentPostprocessing = 0;
		};
/* End PBXFrameworksBuildPhase section */

/* Begin PBXGroup section */
		BF23F9412B24FC9F0073D27F = {
			isa = PBXGroup;
			children = (
				BF23F94C2B24FC9F0073D27F /* Landmarks */,
				BF23F94B2B24FC9F0073D27F /* Products */,
			);
			sourceTree = "<group>";
		};
		BF23F94B2B24FC9F0073D27F /* Products */ = {
			isa = PBXGroup;
			children = (
				BF23F94A2B24FC9F0073D27F /* Landmarks.app */,
			);
			name = Products;
			sourceTree = "<group>";
		};
		BF23F94C2B24FC9F0073D27F /* Landmarks */ = {
			isa = PBXGroup;
			children = (
				BFCB8F242B2515FE00AC5598 /* Resources */,
				BF23F94D2B24FC9F0073D27F /* LandmarksApp.swift */,
				BFCB8F232B2515E900AC5598 /* Views */,
				BFCB8F252B25160800AC5598 /* Model */,
				BF23F9512B24FCA20073D27F /* Assets.xcassets */,
				BF23F9532B24FCA20073D27F /* Preview Content */,
			);
			path = Landmarks;
			sourceTree = "<group>";
		};
		BF23F9532B24FCA20073D27F /* Preview Content */ = {
			isa = PBXGroup;
			children = (
				BF23F9542B24FCA20073D27F /* Preview Assets.xcassets */,
			);
			path = "Preview Content";
			sourceTree = "<group>";
		};
		BFCB8F232B2515E900AC5598 /* Views */ = {
			isa = PBXGroup;
			children = (
				BFCB8F3F2B280D8100AC5598 /* Hikes */,
				BF23F94F2B24FC9F0073D27F /* ContentView.swift */,
				BFCB8F2E2B27840600AC5598 /* Helper */,
				BFCB8F2F2B27842900AC5598 /* Landmarks */,
				BFCB8F3A2B27981500AC5598 /* Badge */,
			);
			path = Views;
			sourceTree = "<group>";
		};
		BFCB8F242B2515FE00AC5598 /* Resources */ = {
			isa = PBXGroup;
			children = (
				BFCB8F3B2B280C2400AC5598 /* hikeData.json */,
				BFCB8F1D2B25120F00AC5598 /* landmarkData.json */,
			);
			path = Resources;
			sourceTree = "<group>";
		};
		BFCB8F252B25160800AC5598 /* Model */ = {
			isa = PBXGroup;
			children = (
				BFCB8F1F2B25122C00AC5598 /* Landmark.swift */,
				BFCB8F212B25141B00AC5598 /* ModelData.swift */,
				BFCB8F3D2B280C4000AC5598 /* Hike.swift */,
			);
			path = Model;
			sourceTree = "<group>";
		};
		BFCB8F2E2B27840600AC5598 /* Helper */ = {
			isa = PBXGroup;
			children = (
				BFCB8F2C2B2782EA00AC5598 /* FavoriteButton.swift */,
				BFCB8F172B250AD200AC5598 /* CircleImage.swift */,
				BFCB8F192B250C1700AC5598 /* MapView.swift */,
			);
			path = Helper;
			sourceTree = "<group>";
		};
		BFCB8F2F2B27842900AC5598 /* Landmarks */ = {
			isa = PBXGroup;
			children = (
				BFCB8F262B25167C00AC5598 /* LandmarkRow.swift */,
				BFCB8F282B25193200AC5598 /* LandmarkList.swift */,
				BFCB8F2A2B26E4EE00AC5598 /* LandmarkDetail.swift */,
			);
			path = Landmarks;
			sourceTree = "<group>";
		};
		BFCB8F3A2B27981500AC5598 /* Badge */ = {
			isa = PBXGroup;
			children = (
				BFCB8F302B2789DB00AC5598 /* HexagonParameters.swift */,
				BFCB8F322B278B3900AC5598 /* BadgeBackground.swift */,
				BFCB8F342B27915300AC5598 /* BadgeSymbol.swift */,
				BFCB8F382B27966300AC5598 /* Badge.swift */,
				BFCB8F362B27956A00AC5598 /* RotatedBadgeSymbol.swift */,
			);
			path = Badge;
			sourceTree = "<group>";
		};
		BFCB8F3F2B280D8100AC5598 /* Hikes */ = {
			isa = PBXGroup;
			children = (
				BFCB8F402B280D8100AC5598 /* GraphCapsule.swift */,
				BFCB8F412B280D8100AC5598 /* HikeGraph.swift */,
				BFCB8F422B280D8100AC5598 /* HikeDetail.swift */,
				BFCB8F432B280D8100AC5598 /* HikeView.swift */,
			);
			path = Hikes;
			sourceTree = "<group>";
		};
/* End PBXGroup section */

/* Begin PBXNativeTarget section */
		BF23F9492B24FC9F0073D27F /* Landmarks */ = {
			isa = PBXNativeTarget;
			buildConfigurationList = BF23F9582B24FCA20073D27F /* Build configuration list for PBXNativeTarget "Landmarks" */;
			buildPhases = (
				BF23F9462B24FC9F0073D27F /* Sources */,
				BF23F9472B24FC9F0073D27F /* Frameworks */,
				BF23F9482B24FC9F0073D27F /* Resources */,
			);
			buildRules = (
			);
			dependencies = (
			);
			name = Landmarks;
			productName = Landmarks;
			productReference = BF23F94A2B24FC9F0073D27F /* Landmarks.app */;
			productType = "com.apple.product-type.application";
		};
/* End PBXNativeTarget section */

/* Begin PBXProject section */
		BF23F9422B24FC9F0073D27F /* Project object */ = {
			isa = PBXProject;
			attributes = {
				BuildIndependentTargetsInParallel = 1;
				LastSwiftUpdateCheck = 1500;
				LastUpgradeCheck = 1500;
				TargetAttributes = {
					BF23F9492B24FC9F0073D27F = {
						CreatedOnToolsVersion = 15.0;
					};
				};
			};
			buildConfigurationList = BF23F9452B24FC9F0073D27F /* Build configuration list for PBXProject "Landmarks" */;
			compatibilityVersion = "Xcode 14.0";
			developmentRegion = en;
			hasScannedForEncodings = 0;
			knownRegions = (
				en,
				Base,
			);
			mainGroup = BF23F9412B24FC9F0073D27F;
			productRefGroup = BF23F94B2B24FC9F0073D27F /* Products */;
			projectDirPath = "";
			projectRoot = "";
			targets = (
				BF23F9492B24FC9F0073D27F /* Landmarks */,
			);
		};
/* End PBXProject section */

/* Begin PBXResourcesBuildPhase section */
		BF23F9482B24FC9F0073D27F /* Resources */ = {
			isa = PBXResourcesBuildPhase;
			buildActionMask = 2147483647;
			files = (
				BFCB8F3C2B280C2400AC5598 /* hikeData.json in Resources */,
				BF23F9552B24FCA20073D27F /* Preview Assets.xcassets in Resources */,
				BF23F9522B24FCA20073D27F /* Assets.xcassets in Resources */,
				BFCB8F1E2B25120F00AC5598 /* landmarkData.json in Resources */,
			);
			runOnlyForDeploymentPostprocessing = 0;
		};
/* End PBXResourcesBuildPhase section */

/* Begin PBXSourcesBuildPhase section */
		BF23F9462B24FC9F0073D27F /* Sources */ = {
			isa = PBXSourcesBuildPhase;
			buildActionMask = 2147483647;
			files = (
				BF23F9502B24FC9F0073D27F /* ContentView.swift in Sources */,
				BFCB8F452B280D8100AC5598 /* HikeGraph.swift in Sources */,
				BFCB8F392B27966300AC5598 /* Badge.swift in Sources */,
				BFCB8F1A2B250C1700AC5598 /* MapView.swift in Sources */,
				BFCB8F442B280D8100AC5598 /* GraphCapsule.swift in Sources */,
				BF23F94E2B24FC9F0073D27F /* LandmarksApp.swift in Sources */,
				BFCB8F2D2B2782EA00AC5598 /* FavoriteButton.swift in Sources */,
				BFCB8F462B280D8100AC5598 /* HikeDetail.swift in Sources */,
				BFCB8F312B2789DB00AC5598 /* HexagonParameters.swift in Sources */,
				BFCB8F3E2B280C4000AC5598 /* Hike.swift in Sources */,
				BFCB8F372B27956A00AC5598 /* RotatedBadgeSymbol.swift in Sources */,
				BFCB8F352B27915300AC5598 /* BadgeSymbol.swift in Sources */,
				BFCB8F292B25193200AC5598 /* LandmarkList.swift in Sources */,
				BFCB8F472B280D8100AC5598 /* HikeView.swift in Sources */,
				BFCB8F2B2B26E4EE00AC5598 /* LandmarkDetail.swift in Sources */,
				BFCB8F332B278B3900AC5598 /* BadgeBackground.swift in Sources */,
				BFCB8F182B250AD200AC5598 /* CircleImage.swift in Sources */,
				BFCB8F202B25122D00AC5598 /* Landmark.swift in Sources */,
				BFCB8F272B25167C00AC5598 /* LandmarkRow.swift in Sources */,
				BFCB8F222B25141B00AC5598 /* ModelData.swift in Sources */,
			);
			runOnlyForDeploymentPostprocessing = 0;
		};
/* End PBXSourcesBuildPhase section */

/* Begin XCBuildConfiguration section */
		BF23F9562B24FCA20073D27F /* Debug */ = {
			isa = XCBuildConfiguration;
			buildSettings = {
				ALWAYS_SEARCH_USER_PATHS = NO;
				ASSETCATALOG_COMPILER_GENERATE_SWIFT_ASSET_SYMBOL_EXTENSIONS = YES;
				CLANG_ANALYZER_NONNULL = YES;
				CLANG_ANALYZER_NUMBER_OBJECT_CONVERSION = YES_AGGRESSIVE;
				CLANG_CXX_LANGUAGE_STANDARD = "gnu++20";
				CLANG_ENABLE_MODULES = YES;
				CLANG_ENABLE_OBJC_ARC = YES;
				CLANG_ENABLE_OBJC_WEAK = YES;
				CLANG_WARN_BLOCK_CAPTURE_AUTORELEASING = YES;
				CLANG_WARN_BOOL_CONVERSION = YES;
				CLANG_WARN_COMMA = YES;
				CLANG_WARN_CONSTANT_CONVERSION = YES;
				CLANG_WARN_DEPRECATED_OBJC_IMPLEMENTATIONS = YES;
				CLANG_WARN_DIRECT_OBJC_ISA_USAGE = YES_ERROR;
				CLANG_WARN_DOCUMENTATION_COMMENTS = YES;
				CLANG_WARN_EMPTY_BODY = YES;
				CLANG_WARN_ENUM_CONVERSION = YES;
				CLANG_WARN_INFINITE_RECURSION = YES;
				CLANG_WARN_INT_CONVERSION = YES;
				CLANG_WARN_NON_LITERAL_NULL_CONVERSION = YES;
				CLANG_WARN_OBJC_IMPLICIT_RETAIN_SELF = YES;
				CLANG_WARN_OBJC_LITERAL_CONVERSION = YES;
				CLANG_WARN_OBJC_ROOT_CLASS = YES_ERROR;
				CLANG_WARN_QUOTED_INCLUDE_IN_FRAMEWORK_HEADER = YES;
				CLANG_WARN_RANGE_LOOP_ANALYSIS = YES;
				CLANG_WARN_STRICT_PROTOTYPES = YES;
				CLANG_WARN_SUSPICIOUS_MOVE = YES;
				CLANG_WARN_UNGUARDED_AVAILABILITY = YES_AGGRESSIVE;
				CLANG_WARN_UNREACHABLE_CODE = YES;
				CLANG_WARN__DUPLICATE_METHOD_MATCH = YES;
				COPY_PHASE_STRIP = NO;
				DEBUG_INFORMATION_FORMAT = dwarf;
				ENABLE_STRICT_OBJC_MSGSEND = YES;
				ENABLE_TESTABILITY = YES;
				ENABLE_USER_SCRIPT_SANDBOXING = YES;
				GCC_C_LANGUAGE_STANDARD = gnu17;
				GCC_DYNAMIC_NO_PIC = NO;
				GCC_NO_COMMON_BLOCKS = YES;
				GCC_OPTIMIZATION_LEVEL = 0;
				GCC_PREPROCESSOR_DEFINITIONS = (
					"DEBUG=1",
					"$(inherited)",
				);
				GCC_WARN_64_TO_32_BIT_CONVERSION = YES;
				GCC_WARN_ABOUT_RETURN_TYPE = YES_ERROR;
				GCC_WARN_UNDECLARED_SELECTOR = YES;
				GCC_WARN_UNINITIALIZED_AUTOS = YES_AGGRESSIVE;
				GCC_WARN_UNUSED_FUNCTION = YES;
				GCC_WARN_UNUSED_VARIABLE = YES;
				IPHONEOS_DEPLOYMENT_TARGET = 17.0;
				LOCALIZATION_PREFERS_STRING_CATALOGS = YES;
				MTL_ENABLE_DEBUG_INFO = INCLUDE_SOURCE;
				MTL_FAST_MATH = YES;
				ONLY_ACTIVE_ARCH = YES;
				SDKROOT = iphoneos;
				SWIFT_ACTIVE_COMPILATION_CONDITIONS = "DEBUG $(inherited)";
				SWIFT_OPTIMIZATION_LEVEL = "-Onone";
			};
			name = Debug;
		};
		BF23F9572B24FCA20073D27F /* Release */ = {
			isa = XCBuildConfiguration;
			buildSettings = {
				ALWAYS_SEARCH_USER_PATHS = NO;
				ASSETCATALOG_COMPILER_GENERATE_SWIFT_ASSET_SYMBOL_EXTENSIONS = YES;
				CLANG_ANALYZER_NONNULL = YES;
				CLANG_ANALYZER_NUMBER_OBJECT_CONVERSION = YES_AGGRESSIVE;
				CLANG_CXX_LANGUAGE_STANDARD = "gnu++20";
				CLANG_ENABLE_MODULES = YES;
				CLANG_ENABLE_OBJC_ARC = YES;
				CLANG_ENABLE_OBJC_WEAK = YES;
				CLANG_WARN_BLOCK_CAPTURE_AUTORELEASING = YES;
				CLANG_WARN_BOOL_CONVERSION = YES;
				CLANG_WARN_COMMA = YES;
				CLANG_WARN_CONSTANT_CONVERSION = YES;
				CLANG_WARN_DEPRECATED_OBJC_IMPLEMENTATIONS = YES;
				CLANG_WARN_DIRECT_OBJC_ISA_USAGE = YES_ERROR;
				CLANG_WARN_DOCUMENTATION_COMMENTS = YES;
				CLANG_WARN_EMPTY_BODY = YES;
				CLANG_WARN_ENUM_CONVERSION = YES;
				CLANG_WARN_INFINITE_RECURSION = YES;
				CLANG_WARN_INT_CONVERSION = YES;
				CLANG_WARN_NON_LITERAL_NULL_CONVERSION = YES;
				CLANG_WARN_OBJC_IMPLICIT_RETAIN_SELF = YES;
				CLANG_WARN_OBJC_LITERAL_CONVERSION = YES;
				CLANG_WARN_OBJC_ROOT_CLASS = YES_ERROR;
				CLANG_WARN_QUOTED_INCLUDE_IN_FRAMEWORK_HEADER = YES;
				CLANG_WARN_RANGE_LOOP_ANALYSIS = YES;
				CLANG_WARN_STRICT_PROTOTYPES = YES;
				CLANG_WARN_SUSPICIOUS_MOVE = YES;
				CLANG_WARN_UNGUARDED_AVAILABILITY = YES_AGGRESSIVE;
				CLANG_WARN_UNREACHABLE_CODE = YES;
				CLANG_WARN__DUPLICATE_METHOD_MATCH = YES;
				COPY_PHASE_STRIP = NO;
				DEBUG_INFORMATION_FORMAT = "dwarf-with-dsym";
				ENABLE_NS_ASSERTIONS = NO;
				ENABLE_STRICT_OBJC_MSGSEND = YES;
				ENABLE_USER_SCRIPT_SANDBOXING = YES;
				GCC_C_LANGUAGE_STANDARD = gnu17;
				GCC_NO_COMMON_BLOCKS = YES;
				GCC_WARN_64_TO_32_BIT_CONVERSION = YES;
				GCC_WARN_ABOUT_RETURN_TYPE = YES_ERROR;
				GCC_WARN_UNDECLARED_SELECTOR = YES;
				GCC_WARN_UNINITIALIZED_AUTOS = YES_AGGRESSIVE;
				GCC_WARN_UNUSED_FUNCTION = YES;
				GCC_WARN_UNUSED_VARIABLE = YES;
				IPHONEOS_DEPLOYMENT_TARGET = 17.0;
				LOCALIZATION_PREFERS_STRING_CATALOGS = YES;
				MTL_ENABLE_DEBUG_INFO = NO;
				MTL_FAST_MATH = YES;
				SDKROOT = iphoneos;
				SWIFT_COMPILATION_MODE = wholemodule;
				VALIDATE_PRODUCT = YES;
			};
			name = Release;
		};
		BF23F9592B24FCA20073D27F /* Debug */ = {
			isa = XCBuildConfiguration;
			buildSettings = {
				ASSETCATALOG_COMPILER_APPICON_NAME = AppIcon;
				ASSETCATALOG_COMPILER_GLOBAL_ACCENT_COLOR_NAME = AccentColor;
				CODE_SIGN_STYLE = Automatic;
				CURRENT_PROJECT_VERSION = 1;
				DEVELOPMENT_ASSET_PATHS = "\"Landmarks/Preview Content\"";
				DEVELOPMENT_TEAM = N346D2C4J7;
				ENABLE_PREVIEWS = YES;
				GENERATE_INFOPLIST_FILE = YES;
				INFOPLIST_KEY_UIApplicationSceneManifest_Generation = YES;
				INFOPLIST_KEY_UIApplicationSupportsIndirectInputEvents = YES;
				INFOPLIST_KEY_UILaunchScreen_Generation = YES;
				INFOPLIST_KEY_UISupportedInterfaceOrientations_iPad = "UIInterfaceOrientationPortrait UIInterfaceOrientationPortraitUpsideDown UIInterfaceOrientationLandscapeLeft UIInterfaceOrientationLandscapeRight";
				INFOPLIST_KEY_UISupportedInterfaceOrientations_iPhone = "UIInterfaceOrientationPortrait UIInterfaceOrientationLandscapeLeft UIInterfaceOrientationLandscapeRight";
				LD_RUNPATH_SEARCH_PATHS = (
					"$(inherited)",
					"@executable_path/Frameworks",
				);
				MARKETING_VERSION = 1.0;
				PRODUCT_BUNDLE_IDENTIFIER = dev.pastelcode.Landmarks;
				PRODUCT_NAME = "$(TARGET_NAME)";
				SWIFT_EMIT_LOC_STRINGS = YES;
				SWIFT_VERSION = 5.0;
				TARGETED_DEVICE_FAMILY = "1,2";
			};
			name = Debug;
		};
		BF23F95A2B24FCA20073D27F /* Release */ = {
			isa = XCBuildConfiguration;
			buildSettings = {
				ASSETCATALOG_COMPILER_APPICON_NAME = AppIcon;
				ASSETCATALOG_COMPILER_GLOBAL_ACCENT_COLOR_NAME = AccentColor;
				CODE_SIGN_STYLE = Automatic;
				CURRENT_PROJECT_VERSION = 1;
				DEVELOPMENT_ASSET_PATHS = "\"Landmarks/Preview Content\"";
				DEVELOPMENT_TEAM = N346D2C4J7;
				ENABLE_PREVIEWS = YES;
				GENERATE_INFOPLIST_FILE = YES;
				INFOPLIST_KEY_UIApplicationSceneManifest_Generation = YES;
				INFOPLIST_KEY_UIApplicationSupportsIndirectInputEvents = YES;
				INFOPLIST_KEY_UILaunchScreen_Generation = YES;
				INFOPLIST_KEY_UISupportedInterfaceOrientations_iPad = "UIInterfaceOrientationPortrait UIInterfaceOrientationPortraitUpsideDown UIInterfaceOrientationLandscapeLeft UIInterfaceOrientationLandscapeRight";
				INFOPLIST_KEY_UISupportedInterfaceOrientations_iPhone = "UIInterfaceOrientationPortrait UIInterfaceOrientationLandscapeLeft UIInterfaceOrientationLandscapeRight";
				LD_RUNPATH_SEARCH_PATHS = (
					"$(inherited)",
					"@executable_path/Frameworks",
				);
				MARKETING_VERSION = 1.0;
				PRODUCT_BUNDLE_IDENTIFIER = dev.pastelcode.Landmarks;
				PRODUCT_NAME = "$(TARGET_NAME)";
				SWIFT_EMIT_LOC_STRINGS = YES;
				SWIFT_VERSION = 5.0;
				TARGETED_DEVICE_FAMILY = "1,2";
			};
			name = Release;
		};
/* End XCBuildConfiguration section */

/* Begin XCConfigurationList section */
		BF23F9452B24FC9F0073D27F /* Build configuration list for PBXProject "Landmarks" */ = {
			isa = XCConfigurationList;
			buildConfigurations = (
				BF23F9562B24FCA20073D27F /* Debug */,
				BF23F9572B24FCA20073D27F /* Release */,
			);
			defaultConfigurationIsVisible = 0;
			defaultConfigurationName = Release;
		};
		BF23F9582B24FCA20073D27F /* Build configuration list for PBXNativeTarget "Landmarks" */ = {
			isa = XCConfigurationList;
			buildConfigurations = (
				BF23F9592B24FCA20073D27F /* Debug */,
				BF23F95A2B24FCA20073D27F /* Release */,
			);
			defaultConfigurationIsVisible = 0;
			defaultConfigurationName = Release;
		};
/* End XCConfigurationList section */
	};
	rootObject = BF23F9422B24FC9F0073D27F /* Project object */;
}
